
Microsoft Visual Studio Solution File, Format Version 12.00
# Visual Studio 15
VisualStudioVersion = 15.0.28307.1800
MinimumVisualStudioVersion = 10.0.40219.1
Project("{FAE04EC0-301F-11D3-BF4B-00C04F79EFBC}") = "BocetoVentanaInicio", "WindowsFormsApp1\BocetoVentanaInicio.csproj", "{31C82C90-CF5B-4D09-B718-EDA36E2BB644}"
EndProject
Global
	GlobalSection(SolutionConfigurationPlatforms) = preSolution
		Debug|Any CPU = Debug|Any CPU
		Release|Any CPU = Release|Any CPU
	EndGlobalSection
	GlobalSection(ProjectConfigurationPlatforms) = postSolution
		{31C82C90-CF5B-4D09-B718-EDA36E2BB644}.Debug|Any CPU.ActiveCfg = Debug|Any CPU
		{31C82C90-CF5B-4D09-B718-EDA36E2BB644}.Debug|Any CPU.Build.0 = Debug|Any CPU
		{31C82C90-CF5B-4D09-B718-EDA36E2BB644}.Release|Any CPU.ActiveCfg = Release|Any CPU
		{31C82C90-CF5B-4D09-B718-EDA36E2BB644}.Release|Any CPU.Build.0 = Release|Any CPU
	EndGlobalSection
	GlobalSection(SolutionProperties) = preSolution
		HideSolutionNode = FALSE
	EndGlobalSection
	GlobalSection(ExtensibilityGlobals) = postSolution
		SolutionGuid = {7B87BE8B-2507-49DF-8325-1DC4ADA4A853}
	EndGlobalSection
EndGlobal
